
Microsoft Visual Studio Solution File, Format Version 12.00
Project("{FAE04EC0-301F-11D3-BF4B-00C04F79EFBC}") = "Web", "Web\Web.csproj", "{63704295-7DF0-46FC-938F-7A893FFFE3BD}"
EndProject
Project("{2150E333-8FDC-42A3-9474-1A3956D46DE8}") = "solution items", "solution items", "{AC2CC269-E182-4BEB-8073-0D6513621EE1}"
	ProjectSection(SolutionItems) = preProject
		.env = .env
	EndProjectSection
EndProject
Global
	GlobalSection(SolutionConfigurationPlatforms) = preSolution
		Debug|Any CPU = Debug|Any CPU
		Release|Any CPU = Release|Any CPU
	EndGlobalSection
	GlobalSection(ProjectConfigurationPlatforms) = postSolution
		{63704295-7DF0-46FC-938F-7A893FFFE3BD}.Debug|Any CPU.ActiveCfg = Debug|Any CPU
		{63704295-7DF0-46FC-938F-7A893FFFE3BD}.Debug|Any CPU.Build.0 = Debug|Any CPU
		{63704295-7DF0-46FC-938F-7A893FFFE3BD}.Release|Any CPU.ActiveCfg = Release|Any CPU
		{63704295-7DF0-46FC-938F-7A893FFFE3BD}.Release|Any CPU.Build.0 = Release|Any CPU
	EndGlobalSection
EndGlobal
